// !$*UTF8*$!
{
	archiveVersion = 1;
	classes = {
	};
	objectVersion = 56;
	objects = {

/* Begin PBXBuildFile section */
		620B49DB2CB100D600627F64 /* MuseumMapView.swift in Sources */ = {isa = PBXBuildFile; fileRef = 620B49DA2CB100D600627F64 /* MuseumMapView.swift */; };
		620B49E02CB1CF2D00627F64 /* LoginView.swift in Sources */ = {isa = PBXBuildFile; fileRef = 620B49DF2CB1CF2D00627F64 /* LoginView.swift */; };
		620B49E22CB1D1AD00627F64 /* HomeTabView.swift in Sources */ = {isa = PBXBuildFile; fileRef = 620B49E12CB1D1AD00627F64 /* HomeTabView.swift */; };
		620B49E42CB1D1EB00627F64 /* CreatedAccountView.swift in Sources */ = {isa = PBXBuildFile; fileRef = 620B49E32CB1D1EB00627F64 /* CreatedAccountView.swift */; };
		625535742CEFAF2900E11B5D /* DashboardTabView.swift in Sources */ = {isa = PBXBuildFile; fileRef = 625535732CEFAF2900E11B5D /* DashboardTabView.swift */; };
		625535762CEFC4AB00E11B5D /* PieChart.swift in Sources */ = {isa = PBXBuildFile; fileRef = 625535752CEFC4AB00E11B5D /* PieChart.swift */; };
		625535782CEFC59700E11B5D /* BarChart.swift in Sources */ = {isa = PBXBuildFile; fileRef = 625535772CEFC59700E11B5D /* BarChart.swift */; };
		6255357A2CEFC5C600E11B5D /* AreaChart.swift in Sources */ = {isa = PBXBuildFile; fileRef = 625535792CEFC5C600E11B5D /* AreaChart.swift */; };
		6255357C2CEFC5F400E11B5D /* FoodChartsView.swift in Sources */ = {isa = PBXBuildFile; fileRef = 6255357B2CEFC5F400E11B5D /* FoodChartsView.swift */; };
		6262CAEC2CB202E000D9DCDF /* TabNavigatioView.swift in Sources */ = {isa = PBXBuildFile; fileRef = 6262CAEB2CB202E000D9DCDF /* TabNavigatioView.swift */; };
		62DFD0EC2CDB01D000C074DD /* QRView3.swift in Sources */ = {isa = PBXBuildFile; fileRef = 62DFD0EB2CDB01D000C074DD /* QRView3.swift */; };
		62DFD0EE2CE4208600C074DD /* FoodDetailView.swift in Sources */ = {isa = PBXBuildFile; fileRef = 62DFD0ED2CE4208600C074DD /* FoodDetailView.swift */; };
		62FD79362CC84376003F95A5 /* FoodData.swift in Sources */ = {isa = PBXBuildFile; fileRef = 62FD79352CC84376003F95A5 /* FoodData.swift */; };
		62FD793A2CC84F55003F95A5 /* FoodTabListView.swift in Sources */ = {isa = PBXBuildFile; fileRef = 62FD79392CC84F55003F95A5 /* FoodTabListView.swift */; };
		62FD793C2CC85CFE003F95A5 /* FoodViewModel.swift in Sources */ = {isa = PBXBuildFile; fileRef = 62FD793B2CC85CFE003F95A5 /* FoodViewModel.swift */; };
		8CFBBFC72CAF2E84002E9817 /* MuseoVirtualDANPApp.swift in Sources */ = {isa = PBXBuildFile; fileRef = 8CFBBFC62CAF2E84002E9817 /* MuseoVirtualDANPApp.swift */; };
		8CFBBFCB2CAF2E87002E9817 /* Assets.xcassets in Resources */ = {isa = PBXBuildFile; fileRef = 8CFBBFCA2CAF2E87002E9817 /* Assets.xcassets */; };
		8CFBBFCE2CAF2E87002E9817 /* Preview Assets.xcassets in Resources */ = {isa = PBXBuildFile; fileRef = 8CFBBFCD2CAF2E87002E9817 /* Preview Assets.xcassets */; };
		8CFBBFD02CAF2E87002E9817 /* Persistence.swift in Sources */ = {isa = PBXBuildFile; fileRef = 8CFBBFCF2CAF2E87002E9817 /* Persistence.swift */; };
		8CFBBFD32CAF2E87002E9817 /* MuseoVirtualDANP.xcdatamodeld in Sources */ = {isa = PBXBuildFile; fileRef = 8CFBBFD12CAF2E87002E9817 /* MuseoVirtualDANP.xcdatamodeld */; };
/* End PBXBuildFile section */

/* Begin PBXFileReference section */
		620B49DA2CB100D600627F64 /* MuseumMapView.swift */ = {isa = PBXFileReference; lastKnownFileType = sourcecode.swift; path = MuseumMapView.swift; sourceTree = "<group>"; };
		620B49DF2CB1CF2D00627F64 /* LoginView.swift */ = {isa = PBXFileReference; lastKnownFileType = sourcecode.swift; path = LoginView.swift; sourceTree = "<group>"; };
		620B49E12CB1D1AD00627F64 /* HomeTabView.swift */ = {isa = PBXFileReference; lastKnownFileType = sourcecode.swift; path = HomeTabView.swift; sourceTree = "<group>"; };
		620B49E32CB1D1EB00627F64 /* CreatedAccountView.swift */ = {isa = PBXFileReference; lastKnownFileType = sourcecode.swift; path = CreatedAccountView.swift; sourceTree = "<group>"; };
		625535732CEFAF2900E11B5D /* DashboardTabView.swift */ = {isa = PBXFileReference; lastKnownFileType = sourcecode.swift; path = DashboardTabView.swift; sourceTree = "<group>"; };
		625535752CEFC4AB00E11B5D /* PieChart.swift */ = {isa = PBXFileReference; lastKnownFileType = sourcecode.swift; path = PieChart.swift; sourceTree = "<group>"; };
		625535772CEFC59700E11B5D /* BarChart.swift */ = {isa = PBXFileReference; lastKnownFileType = sourcecode.swift; path = BarChart.swift; sourceTree = "<group>"; };
		625535792CEFC5C600E11B5D /* AreaChart.swift */ = {isa = PBXFileReference; lastKnownFileType = sourcecode.swift; path = AreaChart.swift; sourceTree = "<group>"; };
		6255357B2CEFC5F400E11B5D /* FoodChartsView.swift */ = {isa = PBXFileReference; lastKnownFileType = sourcecode.swift; path = FoodChartsView.swift; sourceTree = "<group>"; };
		6255357D2CEFCA4100E11B5D /* museo.der */ = {isa = PBXFileReference; lastKnownFileType = file; path = museo.der; sourceTree = "<group>"; };
		6262CAEB2CB202E000D9DCDF /* TabNavigatioView.swift */ = {isa = PBXFileReference; lastKnownFileType = sourcecode.swift; path = TabNavigatioView.swift; sourceTree = "<group>"; };
		62DFD0EB2CDB01D000C074DD /* QRView3.swift */ = {isa = PBXFileReference; lastKnownFileType = sourcecode.swift; path = QRView3.swift; sourceTree = "<group>"; };
		62DFD0ED2CE4208600C074DD /* FoodDetailView.swift */ = {isa = PBXFileReference; lastKnownFileType = sourcecode.swift; path = FoodDetailView.swift; sourceTree = "<group>"; };
		62FD79352CC84376003F95A5 /* FoodData.swift */ = {isa = PBXFileReference; lastKnownFileType = sourcecode.swift; path = FoodData.swift; sourceTree = "<group>"; };
		62FD79392CC84F55003F95A5 /* FoodTabListView.swift */ = {isa = PBXFileReference; lastKnownFileType = sourcecode.swift; path = FoodTabListView.swift; sourceTree = "<group>"; };
		62FD793B2CC85CFE003F95A5 /* FoodViewModel.swift */ = {isa = PBXFileReference; lastKnownFileType = sourcecode.swift; path = FoodViewModel.swift; sourceTree = "<group>"; };
		8CFBBFC32CAF2E84002E9817 /* MuseoVirtualDANP.app */ = {isa = PBXFileReference; explicitFileType = wrapper.application; includeInIndex = 0; path = MuseoVirtualDANP.app; sourceTree = BUILT_PRODUCTS_DIR; };
		8CFBBFC62CAF2E84002E9817 /* MuseoVirtualDANPApp.swift */ = {isa = PBXFileReference; lastKnownFileType = sourcecode.swift; path = MuseoVirtualDANPApp.swift; sourceTree = "<group>"; };
		8CFBBFCA2CAF2E87002E9817 /* Assets.xcassets */ = {isa = PBXFileReference; lastKnownFileType = folder.assetcatalog; path = Assets.xcassets; sourceTree = "<group>"; };
		8CFBBFCD2CAF2E87002E9817 /* Preview Assets.xcassets */ = {isa = PBXFileReference; lastKnownFileType = folder.assetcatalog; path = "Preview Assets.xcassets"; sourceTree = "<group>"; };
		8CFBBFCF2CAF2E87002E9817 /* Persistence.swift */ = {isa = PBXFileReference; lastKnownFileType = sourcecode.swift; path = Persistence.swift; sourceTree = "<group>"; };
		8CFBBFD22CAF2E87002E9817 /* MuseoVirtualDANP.xcdatamodel */ = {isa = PBXFileReference; lastKnownFileType = wrapper.xcdatamodel; path = MuseoVirtualDANP.xcdatamodel; sourceTree = "<group>"; };
/* End PBXFileReference section */

/* Begin PBXFrameworksBuildPhase section */
		8CFBBFC02CAF2E84002E9817 /* Frameworks */ = {
			isa = PBXFrameworksBuildPhase;
			buildActionMask = 2147483647;
			files = (
			);
			runOnlyForDeploymentPostprocessing = 0;
		};
/* End PBXFrameworksBuildPhase section */

/* Begin PBXGroup section */
		620B49D72CB0FDD200627F64 /* Scenes */ = {
			isa = PBXGroup;
			children = (
				62FD79342CC84344003F95A5 /* Tabs */,
				6262CAEB2CB202E000D9DCDF /* TabNavigatioView.swift */,
				8C89A5662CB6CAB700592CFD /* Authentication */,
				620B49D82CB1009700627F64 /* MuseumMap */,
			);
			path = Scenes;
			sourceTree = "<group>";
		};
		620B49D82CB1009700627F64 /* MuseumMap */ = {
			isa = PBXGroup;
			children = (
				620B49DA2CB100D600627F64 /* MuseumMapView.swift */,
			);
			path = MuseumMap;
			sourceTree = "<group>";
		};
		625535702CEFAED300E11B5D /* FoodList */ = {
			isa = PBXGroup;
			children = (
				62DFD0ED2CE4208600C074DD /* FoodDetailView.swift */,
				62FD79392CC84F55003F95A5 /* FoodTabListView.swift */,
				62FD793B2CC85CFE003F95A5 /* FoodViewModel.swift */,
			);
			path = FoodList;
			sourceTree = "<group>";
		};
		625535712CEFAEE500E11B5D /* Home */ = {
			isa = PBXGroup;
			children = (
				620B49E12CB1D1AD00627F64 /* HomeTabView.swift */,
			);
			path = Home;
			sourceTree = "<group>";
		};
		625535722CEFAF0700E11B5D /* Dashboard */ = {
			isa = PBXGroup;
			children = (
				625535732CEFAF2900E11B5D /* DashboardTabView.swift */,
				625535752CEFC4AB00E11B5D /* PieChart.swift */,
				625535772CEFC59700E11B5D /* BarChart.swift */,
				625535792CEFC5C600E11B5D /* AreaChart.swift */,
				6255357B2CEFC5F400E11B5D /* FoodChartsView.swift */,
			);
			path = Dashboard;
			sourceTree = "<group>";
		};
		62FD79312CB70567003F95A5 /* Models */ = {
			isa = PBXGroup;
			children = (
			);
			path = Models;
			sourceTree = "<group>";
		};
		62FD79342CC84344003F95A5 /* Tabs */ = {
			isa = PBXGroup;
			children = (
				625535722CEFAF0700E11B5D /* Dashboard */,
				625535712CEFAEE500E11B5D /* Home */,
				625535702CEFAED300E11B5D /* FoodList */,
				62FD79352CC84376003F95A5 /* FoodData.swift */,
			);
			path = Tabs;
			sourceTree = "<group>";
		};
		8C89A5662CB6CAB700592CFD /* Authentication */ = {
			isa = PBXGroup;
			children = (
				620B49E32CB1D1EB00627F64 /* CreatedAccountView.swift */,
				620B49DF2CB1CF2D00627F64 /* LoginView.swift */,
				62DFD0EB2CDB01D000C074DD /* QRView3.swift */,
			);
			path = Authentication;
			sourceTree = "<group>";
		};
		8CFBBFBA2CAF2E84002E9817 = {
			isa = PBXGroup;
			children = (
				6255357D2CEFCA4100E11B5D /* museo.der */,
				8CFBBFC52CAF2E84002E9817 /* MuseoVirtualDANP */,
				8CFBBFC42CAF2E84002E9817 /* Products */,
			);
			sourceTree = "<group>";
		};
		8CFBBFC42CAF2E84002E9817 /* Products */ = {
			isa = PBXGroup;
			children = (
				8CFBBFC32CAF2E84002E9817 /* MuseoVirtualDANP.app */,
			);
			name = Products;
			sourceTree = "<group>";
		};
		8CFBBFC52CAF2E84002E9817 /* MuseoVirtualDANP */ = {
			isa = PBXGroup;
			children = (
				62FD79312CB70567003F95A5 /* Models */,
				620B49D72CB0FDD200627F64 /* Scenes */,
				8CFBBFC62CAF2E84002E9817 /* MuseoVirtualDANPApp.swift */,
				8CFBBFCA2CAF2E87002E9817 /* Assets.xcassets */,
				8CFBBFCF2CAF2E87002E9817 /* Persistence.swift */,
				8CFBBFD12CAF2E87002E9817 /* MuseoVirtualDANP.xcdatamodeld */,
				8CFBBFCC2CAF2E87002E9817 /* Preview Content */,
			);
			path = MuseoVirtualDANP;
			sourceTree = "<group>";
		};
		8CFBBFCC2CAF2E87002E9817 /* Preview Content */ = {
			isa = PBXGroup;
			children = (
				8CFBBFCD2CAF2E87002E9817 /* Preview Assets.xcassets */,
			);
			path = "Preview Content";
			sourceTree = "<group>";
		};
/* End PBXGroup section */

/* Begin PBXNativeTarget section */
		8CFBBFC22CAF2E84002E9817 /* MuseoVirtualDANP */ = {
			isa = PBXNativeTarget;
			buildConfigurationList = 8CFBBFD62CAF2E87002E9817 /* Build configuration list for PBXNativeTarget "MuseoVirtualDANP" */;
			buildPhases = (
				8CFBBFBF2CAF2E84002E9817 /* Sources */,
				8CFBBFC02CAF2E84002E9817 /* Frameworks */,
				8CFBBFC12CAF2E84002E9817 /* Resources */,
			);
			buildRules = (
			);
			dependencies = (
			);
			name = MuseoVirtualDANP;
			productName = MuseoVirtualDANP;
			productReference = 8CFBBFC32CAF2E84002E9817 /* MuseoVirtualDANP.app */;
			productType = "com.apple.product-type.application";
		};
/* End PBXNativeTarget section */

/* Begin PBXProject section */
		8CFBBFBB2CAF2E84002E9817 /* Project object */ = {
			isa = PBXProject;
			attributes = {
				BuildIndependentTargetsInParallel = 1;
				LastSwiftUpdateCheck = 1500;
				LastUpgradeCheck = 1500;
				TargetAttributes = {
					8CFBBFC22CAF2E84002E9817 = {
						CreatedOnToolsVersion = 15.0;
					};
				};
			};
			buildConfigurationList = 8CFBBFBE2CAF2E84002E9817 /* Build configuration list for PBXProject "MuseoVirtualDANP" */;
			compatibilityVersion = "Xcode 14.0";
			developmentRegion = en;
			hasScannedForEncodings = 0;
			knownRegions = (
				en,
				Base,
			);
			mainGroup = 8CFBBFBA2CAF2E84002E9817;
			productRefGroup = 8CFBBFC42CAF2E84002E9817 /* Products */;
			projectDirPath = "";
			projectRoot = "";
			targets = (
				8CFBBFC22CAF2E84002E9817 /* MuseoVirtualDANP */,
			);
		};
/* End PBXProject section */

/* Begin PBXResourcesBuildPhase section */
		8CFBBFC12CAF2E84002E9817 /* Resources */ = {
			isa = PBXResourcesBuildPhase;
			buildActionMask = 2147483647;
			files = (
				8CFBBFCE2CAF2E87002E9817 /* Preview Assets.xcassets in Resources */,
				8CFBBFCB2CAF2E87002E9817 /* Assets.xcassets in Resources */,
			);
			runOnlyForDeploymentPostprocessing = 0;
		};
/* End PBXResourcesBuildPhase section */

/* Begin PBXSourcesBuildPhase section */
		8CFBBFBF2CAF2E84002E9817 /* Sources */ = {
			isa = PBXSourcesBuildPhase;
			buildActionMask = 2147483647;
			files = (
				625535782CEFC59700E11B5D /* BarChart.swift in Sources */,
				62FD79362CC84376003F95A5 /* FoodData.swift in Sources */,
				62DFD0EC2CDB01D000C074DD /* QRView3.swift in Sources */,
				620B49E42CB1D1EB00627F64 /* CreatedAccountView.swift in Sources */,
				625535742CEFAF2900E11B5D /* DashboardTabView.swift in Sources */,
				62FD793C2CC85CFE003F95A5 /* FoodViewModel.swift in Sources */,
				8CFBBFD32CAF2E87002E9817 /* MuseoVirtualDANP.xcdatamodeld in Sources */,
				620B49E02CB1CF2D00627F64 /* LoginView.swift in Sources */,
				8CFBBFD02CAF2E87002E9817 /* Persistence.swift in Sources */,
				620B49DB2CB100D600627F64 /* MuseumMapView.swift in Sources */,
				6255357A2CEFC5C600E11B5D /* AreaChart.swift in Sources */,
				6255357C2CEFC5F400E11B5D /* FoodChartsView.swift in Sources */,
				625535762CEFC4AB00E11B5D /* PieChart.swift in Sources */,
				620B49E22CB1D1AD00627F64 /* HomeTabView.swift in Sources */,
				8CFBBFC72CAF2E84002E9817 /* MuseoVirtualDANPApp.swift in Sources */,
				6262CAEC2CB202E000D9DCDF /* TabNavigatioView.swift in Sources */,
				62FD793A2CC84F55003F95A5 /* FoodTabListView.swift in Sources */,
				62DFD0EE2CE4208600C074DD /* FoodDetailView.swift in Sources */,
			);
			runOnlyForDeploymentPostprocessing = 0;
		};
/* End PBXSourcesBuildPhase section */

/* Begin XCBuildConfiguration section */
		8CFBBFD42CAF2E87002E9817 /* Debug */ = {
			isa = XCBuildConfiguration;
			buildSettings = {
				ALWAYS_SEARCH_USER_PATHS = NO;
				ASSETCATALOG_COMPILER_GENERATE_SWIFT_ASSET_SYMBOL_EXTENSIONS = YES;
				CLANG_ANALYZER_NONNULL = YES;
				CLANG_ANALYZER_NUMBER_OBJECT_CONVERSION = YES_AGGRESSIVE;
				CLANG_CXX_LANGUAGE_STANDARD = "gnu++20";
				CLANG_ENABLE_MODULES = YES;
				CLANG_ENABLE_OBJC_ARC = YES;
				CLANG_ENABLE_OBJC_WEAK = YES;
				CLANG_WARN_BLOCK_CAPTURE_AUTORELEASING = YES;
				CLANG_WARN_BOOL_CONVERSION = YES;
				CLANG_WARN_COMMA = YES;
				CLANG_WARN_CONSTANT_CONVERSION = YES;
				CLANG_WARN_DEPRECATED_OBJC_IMPLEMENTATIONS = YES;
				CLANG_WARN_DIRECT_OBJC_ISA_USAGE = YES_ERROR;
				CLANG_WARN_DOCUMENTATION_COMMENTS = YES;
				CLANG_WARN_EMPTY_BODY = YES;
				CLANG_WARN_ENUM_CONVERSION = YES;
				CLANG_WARN_INFINITE_RECURSION = YES;
				CLANG_WARN_INT_CONVERSION = YES;
				CLANG_WARN_NON_LITERAL_NULL_CONVERSION = YES;
				CLANG_WARN_OBJC_IMPLICIT_RETAIN_SELF = YES;
				CLANG_WARN_OBJC_LITERAL_CONVERSION = YES;
				CLANG_WARN_OBJC_ROOT_CLASS = YES_ERROR;
				CLANG_WARN_QUOTED_INCLUDE_IN_FRAMEWORK_HEADER = YES;
				CLANG_WARN_RANGE_LOOP_ANALYSIS = YES;
				CLANG_WARN_STRICT_PROTOTYPES = YES;
				CLANG_WARN_SUSPICIOUS_MOVE = YES;
				CLANG_WARN_UNGUARDED_AVAILABILITY = YES_AGGRESSIVE;
				CLANG_WARN_UNREACHABLE_CODE = YES;
				CLANG_WARN__DUPLICATE_METHOD_MATCH = YES;
				COPY_PHASE_STRIP = NO;
				DEBUG_INFORMATION_FORMAT = dwarf;
				ENABLE_STRICT_OBJC_MSGSEND = YES;
				ENABLE_TESTABILITY = YES;
				ENABLE_USER_SCRIPT_SANDBOXING = YES;
				GCC_C_LANGUAGE_STANDARD = gnu17;
				GCC_DYNAMIC_NO_PIC = NO;
				GCC_NO_COMMON_BLOCKS = YES;
				GCC_OPTIMIZATION_LEVEL = 0;
				GCC_PREPROCESSOR_DEFINITIONS = (
					"DEBUG=1",
					"$(inherited)",
				);
				GCC_WARN_64_TO_32_BIT_CONVERSION = YES;
				GCC_WARN_ABOUT_RETURN_TYPE = YES_ERROR;
				GCC_WARN_UNDECLARED_SELECTOR = YES;
				GCC_WARN_UNINITIALIZED_AUTOS = YES_AGGRESSIVE;
				GCC_WARN_UNUSED_FUNCTION = YES;
				GCC_WARN_UNUSED_VARIABLE = YES;
				IPHONEOS_DEPLOYMENT_TARGET = 17.0;
				LOCALIZATION_PREFERS_STRING_CATALOGS = YES;
				MTL_ENABLE_DEBUG_INFO = INCLUDE_SOURCE;
				MTL_FAST_MATH = YES;
				ONLY_ACTIVE_ARCH = YES;
				SDKROOT = iphoneos;
				SWIFT_ACTIVE_COMPILATION_CONDITIONS = "DEBUG $(inherited)";
				SWIFT_OPTIMIZATION_LEVEL = "-Onone";
			};
			name = Debug;
		};
		8CFBBFD52CAF2E87002E9817 /* Release */ = {
			isa = XCBuildConfiguration;
			buildSettings = {
				ALWAYS_SEARCH_USER_PATHS = NO;
				ASSETCATALOG_COMPILER_GENERATE_SWIFT_ASSET_SYMBOL_EXTENSIONS = YES;
				CLANG_ANALYZER_NONNULL = YES;
				CLANG_ANALYZER_NUMBER_OBJECT_CONVERSION = YES_AGGRESSIVE;
				CLANG_CXX_LANGUAGE_STANDARD = "gnu++20";
				CLANG_ENABLE_MODULES = YES;
				CLANG_ENABLE_OBJC_ARC = YES;
				CLANG_ENABLE_OBJC_WEAK = YES;
				CLANG_WARN_BLOCK_CAPTURE_AUTORELEASING = YES;
				CLANG_WARN_BOOL_CONVERSION = YES;
				CLANG_WARN_COMMA = YES;
				CLANG_WARN_CONSTANT_CONVERSION = YES;
				CLANG_WARN_DEPRECATED_OBJC_IMPLEMENTATIONS = YES;
				CLANG_WARN_DIRECT_OBJC_ISA_USAGE = YES_ERROR;
				CLANG_WARN_DOCUMENTATION_COMMENTS = YES;
				CLANG_WARN_EMPTY_BODY = YES;
				CLANG_WARN_ENUM_CONVERSION = YES;
				CLANG_WARN_INFINITE_RECURSION = YES;
				CLANG_WARN_INT_CONVERSION = YES;
				CLANG_WARN_NON_LITERAL_NULL_CONVERSION = YES;
				CLANG_WARN_OBJC_IMPLICIT_RETAIN_SELF = YES;
				CLANG_WARN_OBJC_LITERAL_CONVERSION = YES;
				CLANG_WARN_OBJC_ROOT_CLASS = YES_ERROR;
				CLANG_WARN_QUOTED_INCLUDE_IN_FRAMEWORK_HEADER = YES;
				CLANG_WARN_RANGE_LOOP_ANALYSIS = YES;
				CLANG_WARN_STRICT_PROTOTYPES = YES;
				CLANG_WARN_SUSPICIOUS_MOVE = YES;
				CLANG_WARN_UNGUARDED_AVAILABILITY = YES_AGGRESSIVE;
				CLANG_WARN_UNREACHABLE_CODE = YES;
				CLANG_WARN__DUPLICATE_METHOD_MATCH = YES;
				COPY_PHASE_STRIP = NO;
				DEBUG_INFORMATION_FORMAT = "dwarf-with-dsym";
				ENABLE_NS_ASSERTIONS = NO;
				ENABLE_STRICT_OBJC_MSGSEND = YES;
				ENABLE_USER_SCRIPT_SANDBOXING = YES;
				GCC_C_LANGUAGE_STANDARD = gnu17;
				GCC_NO_COMMON_BLOCKS = YES;
				GCC_WARN_64_TO_32_BIT_CONVERSION = YES;
				GCC_WARN_ABOUT_RETURN_TYPE = YES_ERROR;
				GCC_WARN_UNDECLARED_SELECTOR = YES;
				GCC_WARN_UNINITIALIZED_AUTOS = YES_AGGRESSIVE;
				GCC_WARN_UNUSED_FUNCTION = YES;
				GCC_WARN_UNUSED_VARIABLE = YES;
				IPHONEOS_DEPLOYMENT_TARGET = 17.0;
				LOCALIZATION_PREFERS_STRING_CATALOGS = YES;
				MTL_ENABLE_DEBUG_INFO = NO;
				MTL_FAST_MATH = YES;
				SDKROOT = iphoneos;
				SWIFT_COMPILATION_MODE = wholemodule;
				VALIDATE_PRODUCT = YES;
			};
			name = Release;
		};
		8CFBBFD72CAF2E87002E9817 /* Debug */ = {
			isa = XCBuildConfiguration;
			buildSettings = {
				ASSETCATALOG_COMPILER_APPICON_NAME = AppIcon;
				ASSETCATALOG_COMPILER_GLOBAL_ACCENT_COLOR_NAME = AccentColor;
				CODE_SIGN_IDENTITY = "Apple Development";
				CODE_SIGN_STYLE = Automatic;
				CURRENT_PROJECT_VERSION = 1;
				DEVELOPMENT_ASSET_PATHS = "\"MuseoVirtualDANP/Preview Content\"";
				DEVELOPMENT_TEAM = "";
				ENABLE_PREVIEWS = YES;
				GENERATE_INFOPLIST_FILE = YES;
				INFOPLIST_KEY_NSCameraUsageDescription = "Esta aplicacion requiere de la camara para escanear codigos QR";
				INFOPLIST_KEY_UIApplicationSceneManifest_Generation = YES;
				INFOPLIST_KEY_UIApplicationSupportsIndirectInputEvents = YES;
				INFOPLIST_KEY_UILaunchScreen_Generation = YES;
				INFOPLIST_KEY_UISupportedInterfaceOrientations_iPad = "UIInterfaceOrientationPortrait UIInterfaceOrientationPortraitUpsideDown UIInterfaceOrientationLandscapeLeft UIInterfaceOrientationLandscapeRight";
				INFOPLIST_KEY_UISupportedInterfaceOrientations_iPhone = "UIInterfaceOrientationPortrait UIInterfaceOrientationLandscapeLeft UIInterfaceOrientationLandscapeRight";
				IPHONEOS_DEPLOYMENT_TARGET = 15.0;
				LD_RUNPATH_SEARCH_PATHS = (
					"$(inherited)",
					"@executable_path/Frameworks",
				);
				MARKETING_VERSION = 1.0;
				PRODUCT_BUNDLE_IDENTIFIER = com.first.proyect.MuseoVirtualDANP;
				PRODUCT_NAME = "$(TARGET_NAME)";
				PROVISIONING_PROFILE_SPECIFIER = "";
				SWIFT_EMIT_LOC_STRINGS = YES;
				SWIFT_VERSION = 5.0;
				TARGETED_DEVICE_FAMILY = "1,2";
			};
			name = Debug;
		};
		8CFBBFD82CAF2E87002E9817 /* Release */ = {
			isa = XCBuildConfiguration;
			buildSettings = {
				ASSETCATALOG_COMPILER_APPICON_NAME = AppIcon;
				ASSETCATALOG_COMPILER_GLOBAL_ACCENT_COLOR_NAME = AccentColor;
				CODE_SIGN_IDENTITY = "Apple Development";
				CODE_SIGN_STYLE = Automatic;
				CURRENT_PROJECT_VERSION = 1;
				DEVELOPMENT_ASSET_PATHS = "\"MuseoVirtualDANP/Preview Content\"";
				DEVELOPMENT_TEAM = "";
				ENABLE_PREVIEWS = YES;
				GENERATE_INFOPLIST_FILE = YES;
				INFOPLIST_KEY_NSCameraUsageDescription = "Esta aplicacion requiere de la camara para escanear codigos QR";
				INFOPLIST_KEY_UIApplicationSceneManifest_Generation = YES;
				INFOPLIST_KEY_UIApplicationSupportsIndirectInputEvents = YES;
				INFOPLIST_KEY_UILaunchScreen_Generation = YES;
				INFOPLIST_KEY_UISupportedInterfaceOrientations_iPad = "UIInterfaceOrientationPortrait UIInterfaceOrientationPortraitUpsideDown UIInterfaceOrientationLandscapeLeft UIInterfaceOrientationLandscapeRight";
				INFOPLIST_KEY_UISupportedInterfaceOrientations_iPhone = "UIInterfaceOrientationPortrait UIInterfaceOrientationLandscapeLeft UIInterfaceOrientationLandscapeRight";
				IPHONEOS_DEPLOYMENT_TARGET = 15.0;
				LD_RUNPATH_SEARCH_PATHS = (
					"$(inherited)",
					"@executable_path/Frameworks",
				);
				MARKETING_VERSION = 1.0;
				PRODUCT_BUNDLE_IDENTIFIER = com.first.proyect.MuseoVirtualDANP;
				PRODUCT_NAME = "$(TARGET_NAME)";
				PROVISIONING_PROFILE_SPECIFIER = "";
				SWIFT_EMIT_LOC_STRINGS = YES;
				SWIFT_VERSION = 5.0;
				TARGETED_DEVICE_FAMILY = "1,2";
			};
			name = Release;
		};
/* End XCBuildConfiguration section */

/* Begin XCConfigurationList section */
		8CFBBFBE2CAF2E84002E9817 /* Build configuration list for PBXProject "MuseoVirtualDANP" */ = {
			isa = XCConfigurationList;
			buildConfigurations = (
				8CFBBFD42CAF2E87002E9817 /* Debug */,
				8CFBBFD52CAF2E87002E9817 /* Release */,
			);
			defaultConfigurationIsVisible = 0;
			defaultConfigurationName = Release;
		};
		8CFBBFD62CAF2E87002E9817 /* Build configuration list for PBXNativeTarget "MuseoVirtualDANP" */ = {
			isa = XCConfigurationList;
			buildConfigurations = (
				8CFBBFD72CAF2E87002E9817 /* Debug */,
				8CFBBFD82CAF2E87002E9817 /* Release */,
			);
			defaultConfigurationIsVisible = 0;
			defaultConfigurationName = Release;
		};
/* End XCConfigurationList section */

/* Begin XCVersionGroup section */
		8CFBBFD12CAF2E87002E9817 /* MuseoVirtualDANP.xcdatamodeld */ = {
			isa = XCVersionGroup;
			children = (
				8CFBBFD22CAF2E87002E9817 /* MuseoVirtualDANP.xcdatamodel */,
			);
			currentVersion = 8CFBBFD22CAF2E87002E9817 /* MuseoVirtualDANP.xcdatamodel */;
			path = MuseoVirtualDANP.xcdatamodeld;
			sourceTree = "<group>";
			versionGroupType = wrapper.xcdatamodel;
		};
/* End XCVersionGroup section */
	};
	rootObject = 8CFBBFBB2CAF2E84002E9817 /* Project object */;
}
