// !$*UTF8*$!
{
	archiveVersion = 1;
	classes = {
	};
	objectVersion = 56;
	objects = {

/* Begin PBXBuildFile section */
		620B49DB2CB100D600627F64 /* MuseumMapView.swift in Sources */ = {isa = PBXBuildFile; fileRef = 620B49DA2CB100D600627F64 /* MuseumMapView.swift */; };
		620B49E02CB1CF2D00627F64 /* LoginView.swift in Sources */ = {isa = PBXBuildFile; fileRef = 620B49DF2CB1CF2D00627F64 /* LoginView.swift */; };
		620B49E22CB1D1AD00627F64 /* HomeView.swift in Sources */ = {isa = PBXBuildFile; fileRef = 620B49E12CB1D1AD00627F64 /* HomeView.swift */; };
		620B49E42CB1D1EB00627F64 /* CreatedAccountView.swift in Sources */ = {isa = PBXBuildFile; fileRef = 620B49E32CB1D1EB00627F64 /* CreatedAccountView.swift */; };
		624F40192D1379BA006C8F89 /* ExposicionDetalleViewModel.swift in Sources */ = {isa = PBXBuildFile; fileRef = 624F40182D1379BA006C8F89 /* ExposicionDetalleViewModel.swift */; };
		6262CAEC2CB202E000D9DCDF /* TabNavigatioView.swift in Sources */ = {isa = PBXBuildFile; fileRef = 6262CAEB2CB202E000D9DCDF /* TabNavigatioView.swift */; };
		626E3DF12CF84B4E004860A0 /* ExposicionesRepository.swift in Sources */ = {isa = PBXBuildFile; fileRef = 626E3DF02CF84B4E004860A0 /* ExposicionesRepository.swift */; };
		626E3DF82CF8CED0004860A0 /* NetworkManager.swift in Sources */ = {isa = PBXBuildFile; fileRef = 626E3DF72CF8CED0004860A0 /* NetworkManager.swift */; };
		62ABA8962D091522002545D2 /* museo.der in Resources */ = {isa = PBXBuildFile; fileRef = 62ABA8952D091521002545D2 /* museo.der */; };
		62ABA89A2D0916BE002545D2 /* ColorHexExtension.swift in Sources */ = {isa = PBXBuildFile; fileRef = 62ABA8992D0916BE002545D2 /* ColorHexExtension.swift */; };
		62ABA89C2D091785002545D2 /* ExpositionView.swift in Sources */ = {isa = PBXBuildFile; fileRef = 62ABA89B2D091785002545D2 /* ExpositionView.swift */; };
		62DFD0E82CDAF7AF00C074DD /* QrView.swift in Sources */ = {isa = PBXBuildFile; fileRef = 62DFD0E72CDAF7AF00C074DD /* QrView.swift */; };
		62DFD0EA2CDAFE7800C074DD /* QRView2.swift in Sources */ = {isa = PBXBuildFile; fileRef = 62DFD0E92CDAFE7800C074DD /* QRView2.swift */; };
		62DFD0EC2CDB01D000C074DD /* QRView3.swift in Sources */ = {isa = PBXBuildFile; fileRef = 62DFD0EB2CDB01D000C074DD /* QRView3.swift */; };
		62DFD0EE2CE4208600C074DD /* ExposicionDetalleView.swift in Sources */ = {isa = PBXBuildFile; fileRef = 62DFD0ED2CE4208600C074DD /* ExposicionDetalleView.swift */; };
		62FD79362CC84376003F95A5 /* Exposicion.swift in Sources */ = {isa = PBXBuildFile; fileRef = 62FD79352CC84376003F95A5 /* Exposicion.swift */; };
		62FD793A2CC84F55003F95A5 /* ExposicionesView.swift in Sources */ = {isa = PBXBuildFile; fileRef = 62FD79392CC84F55003F95A5 /* ExposicionesView.swift */; };
		62FD793C2CC85CFE003F95A5 /* EsposicionesViewModel.swift in Sources */ = {isa = PBXBuildFile; fileRef = 62FD793B2CC85CFE003F95A5 /* EsposicionesViewModel.swift */; };
		62FD79C22CD1C82B003F95A5 /* pinnedCertificate.cer in Resources */ = {isa = PBXBuildFile; fileRef = 62FD79C12CD1C82B003F95A5 /* pinnedCertificate.cer */; };
		8CFBBFC72CAF2E84002E9817 /* MuseoVirtualDANPApp.swift in Sources */ = {isa = PBXBuildFile; fileRef = 8CFBBFC62CAF2E84002E9817 /* MuseoVirtualDANPApp.swift */; };
		8CFBBFCB2CAF2E87002E9817 /* Assets.xcassets in Resources */ = {isa = PBXBuildFile; fileRef = 8CFBBFCA2CAF2E87002E9817 /* Assets.xcassets */; };
		8CFBBFCE2CAF2E87002E9817 /* Preview Assets.xcassets in Resources */ = {isa = PBXBuildFile; fileRef = 8CFBBFCD2CAF2E87002E9817 /* Preview Assets.xcassets */; };
		8CFBBFD02CAF2E87002E9817 /* Persistence.swift in Sources */ = {isa = PBXBuildFile; fileRef = 8CFBBFCF2CAF2E87002E9817 /* Persistence.swift */; };
		8CFBBFD32CAF2E87002E9817 /* MuseoVirtualDANP.xcdatamodeld in Sources */ = {isa = PBXBuildFile; fileRef = 8CFBBFD12CAF2E87002E9817 /* MuseoVirtualDANP.xcdatamodeld */; };
/* End PBXBuildFile section */

/* Begin PBXFileReference section */
		620B49DA2CB100D600627F64 /* MuseumMapView.swift */ = {isa = PBXFileReference; lastKnownFileType = sourcecode.swift; path = MuseumMapView.swift; sourceTree = "<group>"; };
		620B49DF2CB1CF2D00627F64 /* LoginView.swift */ = {isa = PBXFileReference; lastKnownFileType = sourcecode.swift; path = LoginView.swift; sourceTree = "<group>"; };
		620B49E12CB1D1AD00627F64 /* HomeView.swift */ = {isa = PBXFileReference; lastKnownFileType = sourcecode.swift; path = HomeView.swift; sourceTree = "<group>"; };
		620B49E32CB1D1EB00627F64 /* CreatedAccountView.swift */ = {isa = PBXFileReference; lastKnownFileType = sourcecode.swift; path = CreatedAccountView.swift; sourceTree = "<group>"; };
		624F40182D1379BA006C8F89 /* ExposicionDetalleViewModel.swift */ = {isa = PBXFileReference; lastKnownFileType = sourcecode.swift; path = ExposicionDetalleViewModel.swift; sourceTree = "<group>"; };
		6262CAEB2CB202E000D9DCDF /* TabNavigatioView.swift */ = {isa = PBXFileReference; lastKnownFileType = sourcecode.swift; path = TabNavigatioView.swift; sourceTree = "<group>"; };
		626E3DF02CF84B4E004860A0 /* ExposicionesRepository.swift */ = {isa = PBXFileReference; lastKnownFileType = sourcecode.swift; path = ExposicionesRepository.swift; sourceTree = "<group>"; };
		626E3DF72CF8CED0004860A0 /* NetworkManager.swift */ = {isa = PBXFileReference; lastKnownFileType = sourcecode.swift; path = NetworkManager.swift; sourceTree = "<group>"; };
		62ABA8952D091521002545D2 /* museo.der */ = {isa = PBXFileReference; lastKnownFileType = file; path = museo.der; sourceTree = "<group>"; };
		62ABA8992D0916BE002545D2 /* ColorHexExtension.swift */ = {isa = PBXFileReference; lastKnownFileType = sourcecode.swift; path = ColorHexExtension.swift; sourceTree = "<group>"; };
		62ABA89B2D091785002545D2 /* ExpositionView.swift */ = {isa = PBXFileReference; lastKnownFileType = sourcecode.swift; path = ExpositionView.swift; sourceTree = "<group>"; };
		62DFD0E72CDAF7AF00C074DD /* QrView.swift */ = {isa = PBXFileReference; lastKnownFileType = sourcecode.swift; path = QrView.swift; sourceTree = "<group>"; };
		62DFD0E92CDAFE7800C074DD /* QRView2.swift */ = {isa = PBXFileReference; lastKnownFileType = sourcecode.swift; path = QRView2.swift; sourceTree = "<group>"; };
		62DFD0EB2CDB01D000C074DD /* QRView3.swift */ = {isa = PBXFileReference; lastKnownFileType = sourcecode.swift; path = QRView3.swift; sourceTree = "<group>"; };
		62DFD0ED2CE4208600C074DD /* ExposicionDetalleView.swift */ = {isa = PBXFileReference; lastKnownFileType = sourcecode.swift; path = ExposicionDetalleView.swift; sourceTree = "<group>"; };
		62FD79352CC84376003F95A5 /* Exposicion.swift */ = {isa = PBXFileReference; lastKnownFileType = sourcecode.swift; path = Exposicion.swift; sourceTree = "<group>"; };
		62FD79392CC84F55003F95A5 /* ExposicionesView.swift */ = {isa = PBXFileReference; lastKnownFileType = sourcecode.swift; path = ExposicionesView.swift; sourceTree = "<group>"; };
		62FD793B2CC85CFE003F95A5 /* EsposicionesViewModel.swift */ = {isa = PBXFileReference; lastKnownFileType = sourcecode.swift; path = EsposicionesViewModel.swift; sourceTree = "<group>"; };
		62FD79C12CD1C82B003F95A5 /* pinnedCertificate.cer */ = {isa = PBXFileReference; lastKnownFileType = file; path = pinnedCertificate.cer; sourceTree = "<group>"; };
		8CFBBFC32CAF2E84002E9817 /* MuseoVirtualDANP.app */ = {isa = PBXFileReference; explicitFileType = wrapper.application; includeInIndex = 0; path = MuseoVirtualDANP.app; sourceTree = BUILT_PRODUCTS_DIR; };
		8CFBBFC62CAF2E84002E9817 /* MuseoVirtualDANPApp.swift */ = {isa = PBXFileReference; lastKnownFileType = sourcecode.swift; path = MuseoVirtualDANPApp.swift; sourceTree = "<group>"; };
		8CFBBFCA2CAF2E87002E9817 /* Assets.xcassets */ = {isa = PBXFileReference; lastKnownFileType = folder.assetcatalog; path = Assets.xcassets; sourceTree = "<group>"; };
		8CFBBFCD2CAF2E87002E9817 /* Preview Assets.xcassets */ = {isa = PBXFileReference; lastKnownFileType = folder.assetcatalog; path = "Preview Assets.xcassets"; sourceTree = "<group>"; };
		8CFBBFCF2CAF2E87002E9817 /* Persistence.swift */ = {isa = PBXFileReference; lastKnownFileType = sourcecode.swift; path = Persistence.swift; sourceTree = "<group>"; };
		8CFBBFD22CAF2E87002E9817 /* MuseoVirtualDANP.xcdatamodel */ = {isa = PBXFileReference; lastKnownFileType = wrapper.xcdatamodel; path = MuseoVirtualDANP.xcdatamodel; sourceTree = "<group>"; };
/* End PBXFileReference section */

/* Begin PBXFrameworksBuildPhase section */
		8CFBBFC02CAF2E84002E9817 /* Frameworks */ = {
			isa = PBXFrameworksBuildPhase;
			buildActionMask = 2147483647;
			files = (
			);
			runOnlyForDeploymentPostprocessing = 0;
		};
/* End PBXFrameworksBuildPhase section */

/* Begin PBXGroup section */
		620B49D82CB1009700627F64 /* MuseumMap */ = {
			isa = PBXGroup;
			children = (
				620B49DA2CB100D600627F64 /* MuseumMapView.swift */,
				62ABA89B2D091785002545D2 /* ExpositionView.swift */,
			);
			path = MuseumMap;
			sourceTree = "<group>";
		};
		626E3DF22CF8CC32004860A0 /* Model */ = {
			isa = PBXGroup;
			children = (
				626E3DF02CF84B4E004860A0 /* ExposicionesRepository.swift */,
				62FD79352CC84376003F95A5 /* Exposicion.swift */,
			);
			path = Model;
			sourceTree = "<group>";
		};
		626E3DF32CF8CC3D004860A0 /* View */ = {
			isa = PBXGroup;
			children = (
				6262CAEB2CB202E000D9DCDF /* TabNavigatioView.swift */,
				62ABA8932D091191002545D2 /* QR */,
				62ABA8922D091174002545D2 /* Authentication */,
				62ABA8912D091156002545D2 /* DetailView */,
				620B49D82CB1009700627F64 /* MuseumMap */,
			);
			path = View;
			sourceTree = "<group>";
		};
		626E3DF42CF8CC4C004860A0 /* ViewModel */ = {
			isa = PBXGroup;
			children = (
				62FD793B2CC85CFE003F95A5 /* EsposicionesViewModel.swift */,
				624F40182D1379BA006C8F89 /* ExposicionDetalleViewModel.swift */,
			);
			path = ViewModel;
			sourceTree = "<group>";
		};
		626E3DF62CF8CEB9004860A0 /* NetworkConfig */ = {
			isa = PBXGroup;
			children = (
			);
			path = NetworkConfig;
			sourceTree = "<group>";
		};
		62ABA8912D091156002545D2 /* DetailView */ = {
			isa = PBXGroup;
			children = (
				62FD79392CC84F55003F95A5 /* ExposicionesView.swift */,
				62DFD0ED2CE4208600C074DD /* ExposicionDetalleView.swift */,
			);
			path = DetailView;
			sourceTree = "<group>";
		};
		62ABA8922D091174002545D2 /* Authentication */ = {
			isa = PBXGroup;
			children = (
				620B49E32CB1D1EB00627F64 /* CreatedAccountView.swift */,
				620B49E12CB1D1AD00627F64 /* HomeView.swift */,
				620B49DF2CB1CF2D00627F64 /* LoginView.swift */,
			);
			path = Authentication;
			sourceTree = "<group>";
		};
		62ABA8932D091191002545D2 /* QR */ = {
			isa = PBXGroup;
			children = (
				62DFD0E72CDAF7AF00C074DD /* QrView.swift */,
				62DFD0E92CDAFE7800C074DD /* QRView2.swift */,
				62DFD0EB2CDB01D000C074DD /* QRView3.swift */,
			);
			path = QR;
			sourceTree = "<group>";
		};
		62ABA8972D09158B002545D2 /* Repository */ = {
			isa = PBXGroup;
			children = (
				626E3DF72CF8CED0004860A0 /* NetworkManager.swift */,
			);
			path = Repository;
			sourceTree = "<group>";
		};
		62ABA8982D0915E1002545D2 /* utils */ = {
			isa = PBXGroup;
			children = (
				62ABA8992D0916BE002545D2 /* ColorHexExtension.swift */,
			);
			path = utils;
			sourceTree = "<group>";
		};
		8CFBBFBA2CAF2E84002E9817 = {
			isa = PBXGroup;
			children = (
				62ABA8952D091521002545D2 /* museo.der */,
				626E3DF62CF8CEB9004860A0 /* NetworkConfig */,
				8CFBBFC52CAF2E84002E9817 /* MuseoVirtualDANP */,
				8CFBBFC42CAF2E84002E9817 /* Products */,
			);
			sourceTree = "<group>";
		};
		8CFBBFC42CAF2E84002E9817 /* Products */ = {
			isa = PBXGroup;
			children = (
				8CFBBFC32CAF2E84002E9817 /* MuseoVirtualDANP.app */,
			);
			name = Products;
			sourceTree = "<group>";
		};
		8CFBBFC52CAF2E84002E9817 /* MuseoVirtualDANP */ = {
			isa = PBXGroup;
			children = (
				62ABA8982D0915E1002545D2 /* utils */,
				62FD79C12CD1C82B003F95A5 /* pinnedCertificate.cer */,
				626E3DF42CF8CC4C004860A0 /* ViewModel */,
				626E3DF32CF8CC3D004860A0 /* View */,
				626E3DF22CF8CC32004860A0 /* Model */,
				62ABA8972D09158B002545D2 /* Repository */,
				8CFBBFC62CAF2E84002E9817 /* MuseoVirtualDANPApp.swift */,
				8CFBBFCA2CAF2E87002E9817 /* Assets.xcassets */,
				8CFBBFCF2CAF2E87002E9817 /* Persistence.swift */,
				8CFBBFD12CAF2E87002E9817 /* MuseoVirtualDANP.xcdatamodeld */,
				8CFBBFCC2CAF2E87002E9817 /* Preview Content */,
			);
			path = MuseoVirtualDANP;
			sourceTree = "<group>";
		};
		8CFBBFCC2CAF2E87002E9817 /* Preview Content */ = {
			isa = PBXGroup;
			children = (
				8CFBBFCD2CAF2E87002E9817 /* Preview Assets.xcassets */,
			);
			path = "Preview Content";
			sourceTree = "<group>";
		};
/* End PBXGroup section */

/* Begin PBXNativeTarget section */
		8CFBBFC22CAF2E84002E9817 /* MuseoVirtualDANP */ = {
			isa = PBXNativeTarget;
			buildConfigurationList = 8CFBBFD62CAF2E87002E9817 /* Build configuration list for PBXNativeTarget "MuseoVirtualDANP" */;
			buildPhases = (
				8CFBBFBF2CAF2E84002E9817 /* Sources */,
				8CFBBFC02CAF2E84002E9817 /* Frameworks */,
				8CFBBFC12CAF2E84002E9817 /* Resources */,
			);
			buildRules = (
			);
			dependencies = (
			);
			name = MuseoVirtualDANP;
			productName = MuseoVirtualDANP;
			productReference = 8CFBBFC32CAF2E84002E9817 /* MuseoVirtualDANP.app */;
			productType = "com.apple.product-type.application";
		};
/* End PBXNativeTarget section */

/* Begin PBXProject section */
		8CFBBFBB2CAF2E84002E9817 /* Project object */ = {
			isa = PBXProject;
			attributes = {
				BuildIndependentTargetsInParallel = 1;
				LastSwiftUpdateCheck = 1500;
				LastUpgradeCheck = 1500;
				TargetAttributes = {
					8CFBBFC22CAF2E84002E9817 = {
						CreatedOnToolsVersion = 15.0;
					};
				};
			};
			buildConfigurationList = 8CFBBFBE2CAF2E84002E9817 /* Build configuration list for PBXProject "MuseoVirtualDANP" */;
			compatibilityVersion = "Xcode 14.0";
			developmentRegion = en;
			hasScannedForEncodings = 0;
			knownRegions = (
				en,
				Base,
			);
			mainGroup = 8CFBBFBA2CAF2E84002E9817;
			productRefGroup = 8CFBBFC42CAF2E84002E9817 /* Products */;
			projectDirPath = "";
			projectRoot = "";
			targets = (
				8CFBBFC22CAF2E84002E9817 /* MuseoVirtualDANP */,
			);
		};
/* End PBXProject section */

/* Begin PBXResourcesBuildPhase section */
		8CFBBFC12CAF2E84002E9817 /* Resources */ = {
			isa = PBXResourcesBuildPhase;
			buildActionMask = 2147483647;
			files = (
				8CFBBFCE2CAF2E87002E9817 /* Preview Assets.xcassets in Resources */,
				8CFBBFCB2CAF2E87002E9817 /* Assets.xcassets in Resources */,
				62FD79C22CD1C82B003F95A5 /* pinnedCertificate.cer in Resources */,
				62ABA8962D091522002545D2 /* museo.der in Resources */,
			);
			runOnlyForDeploymentPostprocessing = 0;
		};
/* End PBXResourcesBuildPhase section */

/* Begin PBXSourcesBuildPhase section */
		8CFBBFBF2CAF2E84002E9817 /* Sources */ = {
			isa = PBXSourcesBuildPhase;
			buildActionMask = 2147483647;
			files = (
				626E3DF12CF84B4E004860A0 /* ExposicionesRepository.swift in Sources */,
				62FD79362CC84376003F95A5 /* Exposicion.swift in Sources */,
				62DFD0EC2CDB01D000C074DD /* QRView3.swift in Sources */,
				620B49E42CB1D1EB00627F64 /* CreatedAccountView.swift in Sources */,
				62FD793C2CC85CFE003F95A5 /* EsposicionesViewModel.swift in Sources */,
				62DFD0EA2CDAFE7800C074DD /* QRView2.swift in Sources */,
				8CFBBFD32CAF2E87002E9817 /* MuseoVirtualDANP.xcdatamodeld in Sources */,
				620B49E02CB1CF2D00627F64 /* LoginView.swift in Sources */,
				62DFD0E82CDAF7AF00C074DD /* QrView.swift in Sources */,
				8CFBBFD02CAF2E87002E9817 /* Persistence.swift in Sources */,
				620B49DB2CB100D600627F64 /* MuseumMapView.swift in Sources */,
				626E3DF82CF8CED0004860A0 /* NetworkManager.swift in Sources */,
				62ABA89C2D091785002545D2 /* ExpositionView.swift in Sources */,
				620B49E22CB1D1AD00627F64 /* HomeView.swift in Sources */,
				8CFBBFC72CAF2E84002E9817 /* MuseoVirtualDANPApp.swift in Sources */,
				6262CAEC2CB202E000D9DCDF /* TabNavigatioView.swift in Sources */,
				62FD793A2CC84F55003F95A5 /* ExposicionesView.swift in Sources */,
				62DFD0EE2CE4208600C074DD /* ExposicionDetalleView.swift in Sources */,
				624F40192D1379BA006C8F89 /* ExposicionDetalleViewModel.swift in Sources */,
				62ABA89A2D0916BE002545D2 /* ColorHexExtension.swift in Sources */,
			);
			runOnlyForDeploymentPostprocessing = 0;
		};
/* End PBXSourcesBuildPhase section */

/* Begin XCBuildConfiguration section */
		8CFBBFD42CAF2E87002E9817 /* Debug */ = {
			isa = XCBuildConfiguration;
			buildSettings = {
				ALWAYS_SEARCH_USER_PATHS = NO;
				ASSETCATALOG_COMPILER_GENERATE_SWIFT_ASSET_SYMBOL_EXTENSIONS = YES;
				CLANG_ANALYZER_NONNULL = YES;
				CLANG_ANALYZER_NUMBER_OBJECT_CONVERSION = YES_AGGRESSIVE;
				CLANG_CXX_LANGUAGE_STANDARD = "gnu++20";
				CLANG_ENABLE_MODULES = YES;
				CLANG_ENABLE_OBJC_ARC = YES;
				CLANG_ENABLE_OBJC_WEAK = YES;
				CLANG_WARN_BLOCK_CAPTURE_AUTORELEASING = YES;
				CLANG_WARN_BOOL_CONVERSION = YES;
				CLANG_WARN_COMMA = YES;
				CLANG_WARN_CONSTANT_CONVERSION = YES;
				CLANG_WARN_DEPRECATED_OBJC_IMPLEMENTATIONS = YES;
				CLANG_WARN_DIRECT_OBJC_ISA_USAGE = YES_ERROR;
				CLANG_WARN_DOCUMENTATION_COMMENTS = YES;
				CLANG_WARN_EMPTY_BODY = YES;
				CLANG_WARN_ENUM_CONVERSION = YES;
				CLANG_WARN_INFINITE_RECURSION = YES;
				CLANG_WARN_INT_CONVERSION = YES;
				CLANG_WARN_NON_LITERAL_NULL_CONVERSION = YES;
				CLANG_WARN_OBJC_IMPLICIT_RETAIN_SELF = YES;
				CLANG_WARN_OBJC_LITERAL_CONVERSION = YES;
				CLANG_WARN_OBJC_ROOT_CLASS = YES_ERROR;
				CLANG_WARN_QUOTED_INCLUDE_IN_FRAMEWORK_HEADER = YES;
				CLANG_WARN_RANGE_LOOP_ANALYSIS = YES;
				CLANG_WARN_STRICT_PROTOTYPES = YES;
				CLANG_WARN_SUSPICIOUS_MOVE = YES;
				CLANG_WARN_UNGUARDED_AVAILABILITY = YES_AGGRESSIVE;
				CLANG_WARN_UNREACHABLE_CODE = YES;
				CLANG_WARN__DUPLICATE_METHOD_MATCH = YES;
				COPY_PHASE_STRIP = NO;
				DEBUG_INFORMATION_FORMAT = dwarf;
				ENABLE_STRICT_OBJC_MSGSEND = YES;
				ENABLE_TESTABILITY = YES;
				ENABLE_USER_SCRIPT_SANDBOXING = YES;
				GCC_C_LANGUAGE_STANDARD = gnu17;
				GCC_DYNAMIC_NO_PIC = NO;
				GCC_NO_COMMON_BLOCKS = YES;
				GCC_OPTIMIZATION_LEVEL = 0;
				GCC_PREPROCESSOR_DEFINITIONS = (
					"DEBUG=1",
					"$(inherited)",
				);
				GCC_WARN_64_TO_32_BIT_CONVERSION = YES;
				GCC_WARN_ABOUT_RETURN_TYPE = YES_ERROR;
				GCC_WARN_UNDECLARED_SELECTOR = YES;
				GCC_WARN_UNINITIALIZED_AUTOS = YES_AGGRESSIVE;
				GCC_WARN_UNUSED_FUNCTION = YES;
				GCC_WARN_UNUSED_VARIABLE = YES;
				IPHONEOS_DEPLOYMENT_TARGET = 17.0;
				LOCALIZATION_PREFERS_STRING_CATALOGS = YES;
				MTL_ENABLE_DEBUG_INFO = INCLUDE_SOURCE;
				MTL_FAST_MATH = YES;
				ONLY_ACTIVE_ARCH = YES;
				SDKROOT = iphoneos;
				SWIFT_ACTIVE_COMPILATION_CONDITIONS = "DEBUG $(inherited)";
				SWIFT_OPTIMIZATION_LEVEL = "-Onone";
			};
			name = Debug;
		};
		8CFBBFD52CAF2E87002E9817 /* Release */ = {
			isa = XCBuildConfiguration;
			buildSettings = {
				ALWAYS_SEARCH_USER_PATHS = NO;
				ASSETCATALOG_COMPILER_GENERATE_SWIFT_ASSET_SYMBOL_EXTENSIONS = YES;
				CLANG_ANALYZER_NONNULL = YES;
				CLANG_ANALYZER_NUMBER_OBJECT_CONVERSION = YES_AGGRESSIVE;
				CLANG_CXX_LANGUAGE_STANDARD = "gnu++20";
				CLANG_ENABLE_MODULES = YES;
				CLANG_ENABLE_OBJC_ARC = YES;
				CLANG_ENABLE_OBJC_WEAK = YES;
				CLANG_WARN_BLOCK_CAPTURE_AUTORELEASING = YES;
				CLANG_WARN_BOOL_CONVERSION = YES;
				CLANG_WARN_COMMA = YES;
				CLANG_WARN_CONSTANT_CONVERSION = YES;
				CLANG_WARN_DEPRECATED_OBJC_IMPLEMENTATIONS = YES;
				CLANG_WARN_DIRECT_OBJC_ISA_USAGE = YES_ERROR;
				CLANG_WARN_DOCUMENTATION_COMMENTS = YES;
				CLANG_WARN_EMPTY_BODY = YES;
				CLANG_WARN_ENUM_CONVERSION = YES;
				CLANG_WARN_INFINITE_RECURSION = YES;
				CLANG_WARN_INT_CONVERSION = YES;
				CLANG_WARN_NON_LITERAL_NULL_CONVERSION = YES;
				CLANG_WARN_OBJC_IMPLICIT_RETAIN_SELF = YES;
				CLANG_WARN_OBJC_LITERAL_CONVERSION = YES;
				CLANG_WARN_OBJC_ROOT_CLASS = YES_ERROR;
				CLANG_WARN_QUOTED_INCLUDE_IN_FRAMEWORK_HEADER = YES;
				CLANG_WARN_RANGE_LOOP_ANALYSIS = YES;
				CLANG_WARN_STRICT_PROTOTYPES = YES;
				CLANG_WARN_SUSPICIOUS_MOVE = YES;
				CLANG_WARN_UNGUARDED_AVAILABILITY = YES_AGGRESSIVE;
				CLANG_WARN_UNREACHABLE_CODE = YES;
				CLANG_WARN__DUPLICATE_METHOD_MATCH = YES;
				COPY_PHASE_STRIP = NO;
				DEBUG_INFORMATION_FORMAT = "dwarf-with-dsym";
				ENABLE_NS_ASSERTIONS = NO;
				ENABLE_STRICT_OBJC_MSGSEND = YES;
				ENABLE_USER_SCRIPT_SANDBOXING = YES;
				GCC_C_LANGUAGE_STANDARD = gnu17;
				GCC_NO_COMMON_BLOCKS = YES;
				GCC_WARN_64_TO_32_BIT_CONVERSION = YES;
				GCC_WARN_ABOUT_RETURN_TYPE = YES_ERROR;
				GCC_WARN_UNDECLARED_SELECTOR = YES;
				GCC_WARN_UNINITIALIZED_AUTOS = YES_AGGRESSIVE;
				GCC_WARN_UNUSED_FUNCTION = YES;
				GCC_WARN_UNUSED_VARIABLE = YES;
				IPHONEOS_DEPLOYMENT_TARGET = 17.0;
				LOCALIZATION_PREFERS_STRING_CATALOGS = YES;
				MTL_ENABLE_DEBUG_INFO = NO;
				MTL_FAST_MATH = YES;
				SDKROOT = iphoneos;
				SWIFT_COMPILATION_MODE = wholemodule;
				VALIDATE_PRODUCT = YES;
			};
			name = Release;
		};
		8CFBBFD72CAF2E87002E9817 /* Debug */ = {
			isa = XCBuildConfiguration;
			buildSettings = {
				ASSETCATALOG_COMPILER_APPICON_NAME = AppIcon;
				ASSETCATALOG_COMPILER_GLOBAL_ACCENT_COLOR_NAME = AccentColor;
				CODE_SIGN_IDENTITY = "Apple Development";
				CODE_SIGN_STYLE = Automatic;
				CURRENT_PROJECT_VERSION = 1;
				DEVELOPMENT_ASSET_PATHS = "\"MuseoVirtualDANP/Preview Content\"";
				DEVELOPMENT_TEAM = J7Q3324664;
				ENABLE_PREVIEWS = YES;
				GENERATE_INFOPLIST_FILE = YES;
				INFOPLIST_KEY_NSCameraUsageDescription = "Esta aplicacion requiere de la camara para escanear codigos QR";
				INFOPLIST_KEY_UIApplicationSceneManifest_Generation = YES;
				INFOPLIST_KEY_UIApplicationSupportsIndirectInputEvents = YES;
				INFOPLIST_KEY_UILaunchScreen_Generation = YES;
				INFOPLIST_KEY_UISupportedInterfaceOrientations_iPad = "UIInterfaceOrientationPortrait UIInterfaceOrientationPortraitUpsideDown UIInterfaceOrientationLandscapeLeft UIInterfaceOrientationLandscapeRight";
				INFOPLIST_KEY_UISupportedInterfaceOrientations_iPhone = "UIInterfaceOrientationPortrait UIInterfaceOrientationLandscapeLeft UIInterfaceOrientationLandscapeRight";
				IPHONEOS_DEPLOYMENT_TARGET = 15.0;
				LD_RUNPATH_SEARCH_PATHS = (
					"$(inherited)",
					"@executable_path/Frameworks",
				);
				MARKETING_VERSION = 1.0;
				PRODUCT_BUNDLE_IDENTIFIER = com.first.proyect.MuseoVirtualDANP;
				PRODUCT_NAME = "$(TARGET_NAME)";
				PROVISIONING_PROFILE_SPECIFIER = "";
				SWIFT_EMIT_LOC_STRINGS = YES;
				SWIFT_VERSION = 5.0;
				TARGETED_DEVICE_FAMILY = "1,2";
			};
			name = Debug;
		};
		8CFBBFD82CAF2E87002E9817 /* Release */ = {
			isa = XCBuildConfiguration;
			buildSettings = {
				ASSETCATALOG_COMPILER_APPICON_NAME = AppIcon;
				ASSETCATALOG_COMPILER_GLOBAL_ACCENT_COLOR_NAME = AccentColor;
				CODE_SIGN_IDENTITY = "Apple Development";
				CODE_SIGN_STYLE = Automatic;
				CURRENT_PROJECT_VERSION = 1;
				DEVELOPMENT_ASSET_PATHS = "\"MuseoVirtualDANP/Preview Content\"";
				DEVELOPMENT_TEAM = "";
				ENABLE_PREVIEWS = YES;
				GENERATE_INFOPLIST_FILE = YES;
				INFOPLIST_KEY_NSCameraUsageDescription = "Esta aplicacion requiere de la camara para escanear codigos QR";
				INFOPLIST_KEY_UIApplicationSceneManifest_Generation = YES;
				INFOPLIST_KEY_UIApplicationSupportsIndirectInputEvents = YES;
				INFOPLIST_KEY_UILaunchScreen_Generation = YES;
				INFOPLIST_KEY_UISupportedInterfaceOrientations_iPad = "UIInterfaceOrientationPortrait UIInterfaceOrientationPortraitUpsideDown UIInterfaceOrientationLandscapeLeft UIInterfaceOrientationLandscapeRight";
				INFOPLIST_KEY_UISupportedInterfaceOrientations_iPhone = "UIInterfaceOrientationPortrait UIInterfaceOrientationLandscapeLeft UIInterfaceOrientationLandscapeRight";
				IPHONEOS_DEPLOYMENT_TARGET = 15.0;
				LD_RUNPATH_SEARCH_PATHS = (
					"$(inherited)",
					"@executable_path/Frameworks",
				);
				MARKETING_VERSION = 1.0;
				PRODUCT_BUNDLE_IDENTIFIER = com.first.proyect.MuseoVirtualDANP;
				PRODUCT_NAME = "$(TARGET_NAME)";
				PROVISIONING_PROFILE_SPECIFIER = "";
				SWIFT_EMIT_LOC_STRINGS = YES;
				SWIFT_VERSION = 5.0;
				TARGETED_DEVICE_FAMILY = "1,2";
			};
			name = Release;
		};
/* End XCBuildConfiguration section */

/* Begin XCConfigurationList section */
		8CFBBFBE2CAF2E84002E9817 /* Build configuration list for PBXProject "MuseoVirtualDANP" */ = {
			isa = XCConfigurationList;
			buildConfigurations = (
				8CFBBFD42CAF2E87002E9817 /* Debug */,
				8CFBBFD52CAF2E87002E9817 /* Release */,
			);
			defaultConfigurationIsVisible = 0;
			defaultConfigurationName = Release;
		};
		8CFBBFD62CAF2E87002E9817 /* Build configuration list for PBXNativeTarget "MuseoVirtualDANP" */ = {
			isa = XCConfigurationList;
			buildConfigurations = (
				8CFBBFD72CAF2E87002E9817 /* Debug */,
				8CFBBFD82CAF2E87002E9817 /* Release */,
			);
			defaultConfigurationIsVisible = 0;
			defaultConfigurationName = Release;
		};
/* End XCConfigurationList section */

/* Begin XCVersionGroup section */
		8CFBBFD12CAF2E87002E9817 /* MuseoVirtualDANP.xcdatamodeld */ = {
			isa = XCVersionGroup;
			children = (
				8CFBBFD22CAF2E87002E9817 /* MuseoVirtualDANP.xcdatamodel */,
			);
			currentVersion = 8CFBBFD22CAF2E87002E9817 /* MuseoVirtualDANP.xcdatamodel */;
			path = MuseoVirtualDANP.xcdatamodeld;
			sourceTree = "<group>";
			versionGroupType = wrapper.xcdatamodel;
		};
/* End XCVersionGroup section */
	};
	rootObject = 8CFBBFBB2CAF2E84002E9817 /* Project object */;
}
